{
    "_meta": {
        "hash": {
            "sha256": "e1bb7fad529b130e80399119707d81d43a754c2f859e4392b2e83e56fd61e50c"
        },
        "pipfile-spec": 6,
        "requires": {
            "python_version": "3.9"
        },
        "sources": [
            {
                "name": "pip_conf_index_global",
                "url": "https://pypi.tuna.tsinghua.edu.cn/simple",
                "verify_ssl": true
            }
        ]
    },
    "default": {
        "argparse": {
            "hashes": [
                "sha256:62b089a55be1d8949cd2bc7e0df0bddb9e028faefc8c32038cc84862aefdd6e4",
                "sha256:c31647edb69fd3d465a847ea3157d37bed1f95f19760b11a47aa91c04b666314"
            ],
            "index": "pip_conf_index_global",
            "version": "==1.4.0"
        },
        "glfw": {
            "hashes": [
                "sha256:484267b8e82bb6aff4917aba080773b7d79bee0f26e4cc5d2cbe733b60356526",
                "sha256:57d00367f8dc31b898a47ab22849bab9f87dff4b4c7a56d16d9a7158cda96c19",
                "sha256:7ff3c3f333c2c0c8a6fce6694de0b2522ce2c2d83bbf2601bd081aa0e5c1afc3",
                "sha256:8a5b160ad8253e2415a1635f2b100f3e1795e12cd4da2a4c75d8c0150ef3c454",
                "sha256:a1a132e7d6f78ae7f32957b56de2fd996d2a416f9520adb40345cc9cf744d277",
                "sha256:b1b5e5a80415c7cc52c86b1996c4053b49ea83ce809e7bbe38d48ee8ab99c484",
                "sha256:d197d788381fb371fa94152c0ac1e72a952e64ca332a2bdc33a309916107f427",
                "sha256:d63fe96fae72c4247239d855f09767723214a0cae6aaf1f3a7b11a8898674c12",
                "sha256:d7ddd807587e51b959cca3861917d5c18bbb367d6b1d9bda1ecd04ce5162a0ce"
            ],
            "index": "pip_conf_index_global",
            "version": "==2.6.5"
        },
        "imageio": {
            "hashes": [
                "sha256:5702e7b4874bdb2f428b08c7491699b44842129d412cdaa7177ba7ff059deb2c",
                "sha256:abe8aa4f2ac71a1b79094a01eb46d3acc150d11b4b79dbe353edfefb566ad541"
            ],
            "index": "pip_conf_index_global",
            "markers": "python_version >= '3.7'",
            "version": "==2.21.2"
        },
        "imgui": {
            "hashes": [
                "sha256:0fc382e0d3fea4da7a88a5fcd395e028722fda1bdbbe4936071f4cb0420f9dd5",
                "sha256:14fcacd6645fbcc0770d4f746abb4ee631a694895f58aef0e0d2976eab431226",
                "sha256:1d7449ca6380420ccfcf8d8483cb5ad838e222bf55347fbeeba51181ba9b721d",
                "sha256:206f217a71055d12f8395aca14a3c9e60a6411fc852791bb5e108834953ffcc6",
                "sha256:23f67fc8789e1e56c8990783dc78031b6b196f37109fb6808389cde7c3fd1bb0",
                "sha256:2bc50d3b4464f8b9465ab220854ea1131166af0717c963a3a175b3c7966a029e",
                "sha256:2fbdb8eed3b8dbd7ea98af9e4c1c6582b0bc4da942a258de16333d8c653d67e1",
                "sha256:377a210a1c118a19b70f6127384772f352bc4d5e78028a948db6182e37b6e343",
                "sha256:3811b91e818eafa924116628b400294d023819efceb71a7ed2e4b7a6b3727ecb",
                "sha256:385dbd48aa5abd297b5b9b665bd2806fbcf57c2d0f4a3b4f609bf64cc0487202",
                "sha256:3da16856d89de0f1c0c0d9732d2a1dfc7ed68182545a7a6e87ecd74b93e52da0",
                "sha256:4ae29fb159f83561d2fb5659509de9c34113ba46c8d7c066279fdddac391545e",
                "sha256:51b7084e11a50a84e09d2e5baf18926a165676325951929eb53d5936b3971eb3",
                "sha256:5876314bd7137115325d843e6985c1d939b7ab992bdc4259cbcd178988d02944",
                "sha256:5899bf6c8492c60b1e36dfcc850bdf27da3cc90d596cdfff7e563ecfedfa269b",
                "sha256:59cf4cce7642305b28c5b961392a7e5a72537036c84ba5fde2a6bf10c154a27b",
                "sha256:5ef6411f9a2f1e528894bc184f4505b935aff0d80e258e38e91ab06e308b6ae8",
                "sha256:6602d18ed735766e08cb4fb9e1c9fd420be96f8112f7357134dadd3a848a51ce",
                "sha256:66a5a3ea2c5487b83fc99d56d56df3f23b49010c2f65162ae318076beecd387d",
                "sha256:772283312cda96d0a33cc7102c644a4b796b60fc51cd7e38c926e0d7d3c5e952",
                "sha256:7f4fa4b7b2c917446ba285541574775fd61a4c5c23050989314961ea06c59ad1",
                "sha256:8bce66afefbc6cb383c19405255a3333eef10b5082e54d7fff075244aa8ac8cf",
                "sha256:8d4dd5551d2140980fb533d7a35d7efefd5060199d9cdf0ce3e65bbb27264090",
                "sha256:9015a85e90be27ab8c7d730fa1fd876fac3407b8c369fbe29fa290ed044eff79",
                "sha256:94a100c9050fb41cc043076517f1adb41cb38f0bfeaf84d21452a89ec500969f",
                "sha256:a0a333d1745721fd23bb8015fdd34deb0d6e9a2450c993506688742b9c5a0941",
                "sha256:a1f5c95505c73cd03f70d348e3f15ee2baa72b2251a636c09095b2a312c9a582",
                "sha256:aba45749ee9356202d10661f1390b75a701c0540e8d3bd3f7e51dafbf6cf36f6",
                "sha256:ac287738a6add06da73ecc7d9a0227e74f3d013c9aace17f4014814b35e85dbe",
                "sha256:adfd23b70ec4696a9128f64228a471fda9d2a709ab6c46affadb5ceb2b620626",
                "sha256:b0e61e7f5f42391f149bfbd7196148a4009a446c7663b69fea0629ff7b857f38",
                "sha256:b22f30c640a48d2e03a85bf91f80d6ed5fa6a7d0b40643e423ccf1f8411d5612",
                "sha256:b994278d0d90348a471f884930e2bd731ed92b2ae36171efdc645ffc2a64db4e",
                "sha256:bead8db082403dde37429a14b439df6fada0c909a0f06fb310c1dec94338dad4",
                "sha256:c1a88dd008046d19f9e9df95e34a8df8908007be76aefcd6a36aad759b6fe7d0",
                "sha256:c1af2761708c40c852053dd0a7d570ea0241a75ad3c27d7b55430b12003198e0",
                "sha256:c30c11780982eeb619b6badcccab2eb90acf6141d9610902679b44fbaf588310",
                "sha256:c32b442874bae79b358cacfd30be416430c8af97f9c5edcba4c22375b58fc1ed",
                "sha256:c4ea5d971bb781ec06697b72ecfa802548ebdd1f5144353d530982c1ef1d86b1",
                "sha256:c7541813f477e407db32e0242880205f4b46d23c72e16dd3f1890dd853e7549d",
                "sha256:c93d2bbeac28661efaef263f7ef139269358d42e9002357ee96d901ff851fc59",
                "sha256:cbea38112f8b4c232ef065a537266f561f952324d19409ebb0e7221648632dd3",
                "sha256:cc2c7074e07ca9802089c17ddc3a7c3059d0848c7c596a22e5aa86026d99cc18",
                "sha256:d09b85532124f2c3138bef243adc25fd57d81fa3a049d96c2a6f8c4383d90127",
                "sha256:d5e028485346057f286d9116e7bbed4e38da9990da41cdc8efc26d3bc6e010c9",
                "sha256:d6e3a48cdd5b1289bbf6a3477b86712528d3bf3f1b74f5a481647581830527ba",
                "sha256:d7ace8c05a17b359ddbc89882c4c0fc698d537eb9a0410254caaa0829003fa01",
                "sha256:e086cb9d1709b0391a06d43f1cecaa3bc384382dac3d3ca8489937050cd85efc",
                "sha256:e9c5985f24671571a94f21f793b487d2b775a5d96092145c2c242b8aee29e487",
                "sha256:ea6d37ef37e4acaa6e9ea0111cb4a61db6ed32c44164ac8bebe96b01036387bd",
                "sha256:f2448957ab4052d1a69e2e134a36d2a87c7599834639385daa88f62ac5302154",
                "sha256:f5775be372ff7154a728a8add224560c2c7654a9c902b1feb524f9342747051e",
                "sha256:f619b045688abad4ccc1896dd911d54006fdcf33da2453b9987e803b63a9a6da",
                "sha256:ff0aa7736067ae5d4d0d118902d339fd1133f2dd2181cafc3b246391a4f036a1",
                "sha256:ffcd54fb088d20ce682cba3ade24831fbbdd620807e20ab147ab0083111d0243"
            ],
            "index": "pip_conf_index_global",
            "version": "==2.0.0"
        },
        "joblib": {
            "hashes": [
                "sha256:06d478d5674cbc267e7496a410ee875abd68e4340feff4490bcb7afb88060ae6",
                "sha256:2382c5816b2636fbd20a09e0f4e9dad4736765fdfb7dca582943b9c1366b3f0e"
            ],
            "markers": "python_version >= '3.8'",
            "version": "==1.4.2"
        },
        "numpy": {
            "hashes": [
                "sha256:004f0efcb2fe1c0bd6ae1fcfc69cc8b6bf2407e0f18be308612007a0762b4089",
                "sha256:09f6b7bdffe57fc61d869a22f506049825d707b288039d30f26a0d0d8ea05164",
                "sha256:0ea3f98a0ffce3f8f57675eb9119f3f4edb81888b6874bc1953f91e0b1d4f440",
                "sha256:17c0e467ade9bda685d5ac7f5fa729d8d3e76b23195471adae2d6a6941bd2c18",
                "sha256:1f27b5322ac4067e67c8f9378b41c746d8feac8bdd0e0ffede5324667b8a075c",
                "sha256:22d43376ee0acd547f3149b9ec12eec2f0ca4a6ab2f61753c5b29bb3e795ac4d",
                "sha256:2ad3ec9a748a8943e6eb4358201f7e1c12ede35f510b1a2221b70af4bb64295c",
                "sha256:301c00cf5e60e08e04d842fc47df641d4a181e651c7135c50dc2762ffe293dbd",
                "sha256:39a664e3d26ea854211867d20ebcc8023257c1800ae89773cbba9f9e97bae036",
                "sha256:51bf49c0cd1d52be0a240aa66f3458afc4b95d8993d2d04f0d91fa60c10af6cd",
                "sha256:78a63d2df1d947bd9d1b11d35564c2f9e4b57898aae4626638056ec1a231c40c",
                "sha256:7cd1328e5bdf0dee621912f5833648e2daca72e3839ec1d6695e91089625f0b4",
                "sha256:8355fc10fd33a5a70981a5b8a0de51d10af3688d7a9e4a34fcc8fa0d7467bb7f",
                "sha256:8c79d7cf86d049d0c5089231a5bcd31edb03555bd93d81a16870aa98c6cfb79d",
                "sha256:91b8d6768a75247026e951dce3b2aac79dc7e78622fc148329135ba189813584",
                "sha256:94c15ca4e52671a59219146ff584488907b1f9b3fc232622b47e2cf832e94fb8",
                "sha256:98dcbc02e39b1658dc4b4508442a560fe3ca5ca0d989f0df062534e5ca3a5c1a",
                "sha256:a64403f634e5ffdcd85e0b12c08f04b3080d3e840aef118721021f9b48fc1460",
                "sha256:bc6e8da415f359b578b00bcfb1d08411c96e9a97f9e6c7adada554a0812a6cc6",
                "sha256:bdc9febce3e68b697d931941b263c59e0c74e8f18861f4064c1f712562903411",
                "sha256:c1ba66c48b19cc9c2975c0d354f24058888cdc674bebadceb3cdc9ec403fb5d1",
                "sha256:c9f707b5bb73bf277d812ded9896f9512a43edff72712f31667d0a8c2f8e71ee",
                "sha256:d5422d6a1ea9b15577a9432e26608c73a78faf0b9039437b075cf322c92e98e7",
                "sha256:e5d5420053bbb3dd64c30e58f9363d7a9c27444c3648e61460c1237f9ec3fa14",
                "sha256:e868b0389c5ccfc092031a861d4e158ea164d8b7fdbb10e3b5689b4fc6498df6",
                "sha256:efd9d3abe5774404becdb0748178b48a218f1d8c44e0375475732211ea47c67e",
                "sha256:f8c02ec3c4c4fcb718fdf89a6c6f709b14949408e8cf2a2be5bfa9c49548fd85",
                "sha256:ffcf105ecdd9396e05a8e58e81faaaf34d3f9875f137c7372450baa5d77c9a54"
            ],
            "index": "pip_conf_index_global",
            "markers": "python_version >= '3.8'",
            "version": "==1.23.3"
        },
        "pandas": {
            "hashes": [
                "sha256:050aada67a5ec6699a7879e769825b510018a95fb9ac462bb1867483d0974a97",
                "sha256:0959c41004e3d2d16f39c828d6da66ebee329836a7ecee49fb777ac9ad8a7501",
                "sha256:4591cadd06fbbbd16fafc2de6e840c1aaefeae3d5864b688004777ef1bbdede3",
                "sha256:51c424ca134fdaeac9a4acd719d1ab48046afc60943a489028f0413fdbe9ef1c",
                "sha256:785e878a6e6d8ddcdb8c181e600855402750052497d7fc6d6b508894f6b8830b",
                "sha256:799e6a25932df7e6b1f8dabf63de064e2205dc309abb75956126a0453fd88e97",
                "sha256:7cd1d69a387f7d5e1a5a06a87574d9ef2433847c0e78113ab51c84d3a8bcaeaa",
                "sha256:87b4194f344dcd14c0f885cecb22005329b38bda10f1aaf7b9596a00ec8a4768",
                "sha256:8d4d2fe2863ecddb0ba1979bdda26c8bc2ea138f5a979abe3ba80c0fa4015c91",
                "sha256:94f2ed1fd51e545ebf71da1e942fe1822ee01e10d3dd2a7276d01351333b7c6b",
                "sha256:9d2a7a3c1fea668d56bd91edbd5f2732e0af8feb9d2bf8d9bfacb2dea5fa9536",
                "sha256:9d805bce209714b1c1fa29bfb1e42ad87e4c0a825e4b390c56a3e71593b7e8d8",
                "sha256:a08ceb59db499864c58a9bf85ab6219d527d91f14c0240cc25fa2c261032b2a7",
                "sha256:a981cfabf51c318a562deb4ae7deec594c07aee7cf18b4594a92c23718ec8275",
                "sha256:ab6c0d738617b675183e5f28db32b5148b694ad9bba0a40c3ea26d96b431db67",
                "sha256:afbddad78a98ec4d2ce08b384b81730de1ccc975b99eb663e6dac43703f36d98",
                "sha256:c4bb8b0ab9f94207d07e401d24baebfc63057246b1a5e0cd9ee50df85a656871",
                "sha256:ce35f947202b0b99c660221d82beb91d2e6d553d55a40b30128204e3e2c63848",
                "sha256:d0022fe6a313df1c4869b5edc012d734c6519a6fffa3cf70930f32e6a1078e49",
                "sha256:e7cc960959be28d064faefc0cb2aef854d46b827c004ebea7e79b5497ed83e7d",
                "sha256:ee6f1848148ed3204235967613b0a32be2d77f214e9623f554511047705c1e04"
            ],
            "index": "pip_conf_index_global",
            "markers": "python_version >= '3.8'",
            "version": "==1.4.4"
        },
        "pillow": {
            "hashes": [
                "sha256:00177a63030d612148e659b55ba99527803288cea7c75fb05766ab7981a8c1b7",
                "sha256:006bcdd307cc47ba43e924099a038cbf9591062e6c50e570819743f5607404f5",
                "sha256:084a07ef0821cfe4858fe86652fffac8e187b6ae677e9906e192aafcc1b69903",
                "sha256:0ae08bd8ffc41aebf578c2af2f9d8749d91f448b3bfd41d7d9ff573d74f2a6b2",
                "sha256:0e038b0745997c7dcaae350d35859c9715c71e92ffb7e0f4a8e8a16732150f38",
                "sha256:1187739620f2b365de756ce086fdb3604573337cc28a0d3ac4a01ab6b2d2a6d2",
                "sha256:16095692a253047fe3ec028e951fa4221a1f3ed3d80c397e83541a3037ff67c9",
                "sha256:1a61b54f87ab5786b8479f81c4b11f4d61702830354520837f8cc791ebba0f5f",
                "sha256:1c1d72714f429a521d8d2d018badc42414c3077eb187a59579f28e4270b4b0fc",
                "sha256:1e2688958a840c822279fda0086fec1fdab2f95bf2b717b66871c4ad9859d7e8",
                "sha256:20ec184af98a121fb2da42642dea8a29ec80fc3efbaefb86d8fdd2606619045d",
                "sha256:21a0d3b115009ebb8ac3d2ebec5c2982cc693da935f4ab7bb5c8ebe2f47d36f2",
                "sha256:224aaa38177597bb179f3ec87eeefcce8e4f85e608025e9cfac60de237ba6316",
                "sha256:2679d2258b7f1192b378e2893a8a0a0ca472234d4c2c0e6bdd3380e8dfa21b6a",
                "sha256:27a7860107500d813fcd203b4ea19b04babe79448268403172782754870dac25",
                "sha256:290f2cc809f9da7d6d622550bbf4c1e57518212da51b6a30fe8e0a270a5b78bd",
                "sha256:2e46773dc9f35a1dd28bd6981332fd7f27bec001a918a72a79b4133cf5291dba",
                "sha256:3107c66e43bda25359d5ef446f59c497de2b5ed4c7fdba0894f8d6cf3822dafc",
                "sha256:375b8dd15a1f5d2feafff536d47e22f69625c1aa92f12b339ec0b2ca40263273",
                "sha256:45c566eb10b8967d71bf1ab8e4a525e5a93519e29ea071459ce517f6b903d7fa",
                "sha256:499c3a1b0d6fc8213519e193796eb1a86a1be4b1877d678b30f83fd979811d1a",
                "sha256:4ad70c4214f67d7466bea6a08061eba35c01b1b89eaa098040a35272a8efb22b",
                "sha256:4b60c9520f7207aaf2e1d94de026682fc227806c6e1f55bba7606d1c94dd623a",
                "sha256:5178952973e588b3f1360868847334e9e3bf49d19e169bbbdfaf8398002419ae",
                "sha256:52a2d8323a465f84faaba5236567d212c3668f2ab53e1c74c15583cf507a0291",
                "sha256:598b4e238f13276e0008299bd2482003f48158e2b11826862b1eb2ad7c768b97",
                "sha256:5bd2d3bdb846d757055910f0a59792d33b555800813c3b39ada1829c372ccb06",
                "sha256:5c39ed17edea3bc69c743a8dd3e9853b7509625c2462532e62baa0732163a904",
                "sha256:5d203af30149ae339ad1b4f710d9844ed8796e97fda23ffbc4cc472968a47d0b",
                "sha256:5ddbfd761ee00c12ee1be86c9c0683ecf5bb14c9772ddbd782085779a63dd55b",
                "sha256:607bbe123c74e272e381a8d1957083a9463401f7bd01287f50521ecb05a313f8",
                "sha256:61b887f9ddba63ddf62fd02a3ba7add935d053b6dd7d58998c630e6dbade8527",
                "sha256:6619654954dc4936fcff82db8eb6401d3159ec6be81e33c6000dfd76ae189947",
                "sha256:674629ff60030d144b7bca2b8330225a9b11c482ed408813924619c6f302fdbb",
                "sha256:6ec0d5af64f2e3d64a165f490d96368bb5dea8b8f9ad04487f9ab60dc4bb6003",
                "sha256:6f4dba50cfa56f910241eb7f883c20f1e7b1d8f7d91c750cd0b318bad443f4d5",
                "sha256:70fbbdacd1d271b77b7721fe3cdd2d537bbbd75d29e6300c672ec6bb38d9672f",
                "sha256:72bacbaf24ac003fea9bff9837d1eedb6088758d41e100c1552930151f677739",
                "sha256:7326a1787e3c7b0429659e0a944725e1b03eeaa10edd945a86dead1913383944",
                "sha256:73853108f56df97baf2bb8b522f3578221e56f646ba345a372c78326710d3830",
                "sha256:73e3a0200cdda995c7e43dd47436c1548f87a30bb27fb871f352a22ab8dcf45f",
                "sha256:75acbbeb05b86bc53cbe7b7e6fe00fbcf82ad7c684b3ad82e3d711da9ba287d3",
                "sha256:8069c5179902dcdce0be9bfc8235347fdbac249d23bd90514b7a47a72d9fecf4",
                "sha256:846e193e103b41e984ac921b335df59195356ce3f71dcfd155aa79c603873b84",
                "sha256:8594f42df584e5b4bb9281799698403f7af489fba84c34d53d1c4bfb71b7c4e7",
                "sha256:86510e3f5eca0ab87429dd77fafc04693195eec7fd6a137c389c3eeb4cfb77c6",
                "sha256:8853a3bf12afddfdf15f57c4b02d7ded92c7a75a5d7331d19f4f9572a89c17e6",
                "sha256:88a58d8ac0cc0e7f3a014509f0455248a76629ca9b604eca7dc5927cc593c5e9",
                "sha256:8ba470552b48e5835f1d23ecb936bb7f71d206f9dfeee64245f30c3270b994de",
                "sha256:8c676b587da5673d3c75bd67dd2a8cdfeb282ca38a30f37950511766b26858c4",
                "sha256:8ec4a89295cd6cd4d1058a5e6aec6bf51e0eaaf9714774e1bfac7cfc9051db47",
                "sha256:94f3e1780abb45062287b4614a5bc0874519c86a777d4a7ad34978e86428b8dd",
                "sha256:9a0f748eaa434a41fccf8e1ee7a3eed68af1b690e75328fd7a60af123c193b50",
                "sha256:a5629742881bcbc1f42e840af185fd4d83a5edeb96475a575f4da50d6ede337c",
                "sha256:a65149d8ada1055029fcb665452b2814fe7d7082fcb0c5bed6db851cb69b2086",
                "sha256:b3c5ac4bed7519088103d9450a1107f76308ecf91d6dabc8a33a2fcfb18d0fba",
                "sha256:b4fd7bd29610a83a8c9b564d457cf5bd92b4e11e79a4ee4716a63c959699b306",
                "sha256:bcd1fb5bb7b07f64c15618c89efcc2cfa3e95f0e3bcdbaf4642509de1942a699",
                "sha256:c12b5ae868897c7338519c03049a806af85b9b8c237b7d675b8c5e089e4a618e",
                "sha256:c26845094b1af3c91852745ae78e3ea47abf3dbcd1cf962f16b9a5fbe3ee8488",
                "sha256:c6a660307ca9d4867caa8d9ca2c2658ab685de83792d1876274991adec7b93fa",
                "sha256:c809a70e43c7977c4a42aefd62f0131823ebf7dd73556fa5d5950f5b354087e2",
                "sha256:c8b2351c85d855293a299038e1f89db92a2f35e8d2f783489c6f0b2b5f3fe8a3",
                "sha256:cb929ca942d0ec4fac404cbf520ee6cac37bf35be479b970c4ffadf2b6a1cad9",
                "sha256:d2c0a187a92a1cb5ef2c8ed5412dd8d4334272617f532d4ad4de31e0495bd923",
                "sha256:d69bfd8ec3219ae71bcde1f942b728903cad25fafe3100ba2258b973bd2bc1b2",
                "sha256:daffdf51ee5db69a82dd127eabecce20729e21f7a3680cf7cbb23f0829189790",
                "sha256:e58876c91f97b0952eb766123bfef372792ab3f4e3e1f1a2267834c2ab131734",
                "sha256:eda2616eb2313cbb3eebbe51f19362eb434b18e3bb599466a1ffa76a033fb916",
                "sha256:ee217c198f2e41f184f3869f3e485557296d505b5195c513b2bfe0062dc537f1",
                "sha256:f02541ef64077f22bf4924f225c0fd1248c168f86e4b7abdedd87d6ebaceab0f",
                "sha256:f1b82c27e89fffc6da125d5eb0ca6e68017faf5efc078128cfaa42cf5cb38798",
                "sha256:fba162b8872d30fea8c52b258a542c5dfd7b235fb5cb352240c8d63b414013eb",
                "sha256:fbbcb7b57dc9c794843e3d1258c0fbf0f48656d46ffe9e09b63bbd6e8cd5d0a2",
                "sha256:fcb4621042ac4b7865c179bb972ed0da0218a076dc1820ffc48b1d74c1e37fe9"
            ],
            "markers": "python_version >= '3.9'",
            "version": "==11.0.0"
        },
        "plyfile": {
            "hashes": [
                "sha256:0ecbe8e7ce55a7bbc6c9dea24242fffa0ab7d9bed33fbd5ad567ca013bcc5222",
                "sha256:66255dca882553f1fcd0c01fd8444bb4c6cf3965c7659106bf7c6c1ac6793a08"
            ],
            "index": "pip_conf_index_global",
            "markers": "python_version >= '3.8'",
            "version": "==1.0.3"
        },
        "pyglm": {
            "hashes": [
                "sha256:00ad243f7e4c0a89e1a8943446592653a8dc899cbbeeeb3e33221fb146eeda0d",
                "sha256:04ab4b5325cbd9515ab6fd0c1d1d1e9c4cfc62fe7ae5c816cc82e41c2ed5ad65",
                "sha256:06b2d950e221178cc0832b5b78d91f13926d37b851bc4737f92bd5149482b487",
                "sha256:0e2bc62c3308da7c3fb80da569d8482c17929e7e4f161c0520db7db8e1238162",
                "sha256:0f42987c0eedfe6a17131e59b72133f5465eda445fc6c3e4c90c7bafe2258914",
                "sha256:117ea85a40144720436f296c8f1eacb03c33d90fac3df5af086813d7a9e04881",
                "sha256:19218d8f414c86dbf4c6b97bf8c040e2e4fd5885833fc3a5ac5e3a2a15d9afdc",
                "sha256:1a06c90b43a259584e062666c8e28f5959043e09669c84c684fca8380cf4d68b",
                "sha256:1e258d812b68be1ff7699b55d6e66430cdd35af8c06e0774b5673bc6ed913eac",
                "sha256:1f4f7d138826d95aaf32bb1414978acc6d839a09350a33c244b881c6e84bd9d5",
                "sha256:1f8950d1d6d900bde0b966248ee604219a7760766bd13ab3892f80384d53633c",
                "sha256:202964258049588469eb355bd1baeb0bffe5aa5d6fb34f4983ff465ec03a6156",
                "sha256:298ffdf5f7c638ff31ae74e547710485258de7fc2a819932b2df7cc8de5f8265",
                "sha256:2ba24cd208fedb4d1cc3a49f52c84eebc30aaae67c9f094cee75765566451f19",
                "sha256:2dd9c3c55a8070b2894b1b22bc96ed01832613f4ea984b5023b56a6b4cd6c1d1",
                "sha256:303c301139c92853cd7b280431463af7c8e0d638f7d24d248c2aa19fd1316f06",
                "sha256:311faffc2a05aa269dc0d212bf664e79a231357c8a88b95cb87312b84fe0f2cb",
                "sha256:32071c21dce494aa02a37ea4236495fb2ad9110a104c14c6b45d9b5c366886c6",
                "sha256:33398e48bedd6e8f8945c7b7b0c82495927d0c5ed1964f2ca963b30b668d9275",
                "sha256:3486bc2183c78d5fba7f8e4a26c5093bb4df5110cd09f45e7416f3afab688f72",
                "sha256:38d66b7150fd0bfe37f2d31dc67969b6c4145b3f2921ec115be3047f3350b015",
                "sha256:401ccf0ffe22c7513e4102f343e5d93f87c48fb869024b97135ee3a961c38c00",
                "sha256:40b7a96e13c782be23140f05bc4e74599fa89922df533445a69e7a392365550a",
                "sha256:449bdb7cf05f675631254886ccc58691167ac869bae29303fb9f869fe8bb3c46",
                "sha256:45427bc7fe0d164c4f5e71bcc8920e6ee8169c0d1526bc6c6274b2c21fbfe8ec",
                "sha256:455817299e431c9a95e75b0c6ef6007caf57ee12a89fbba660f3741dd4da8f88",
                "sha256:48967e750329309e93d6b4eddea4b6be21bc195c5c9914b24909090b7dddc2b5",
                "sha256:4aa958556dd26e647c67c740aee2822bd41f05f6f2ce70c4f1268e7f0a93b108",
                "sha256:4b07ab88d8108085e7998b17f72e246dc60ee195aa0967980a22a433e1c5693a",
                "sha256:4b1b3b469eeb4f988db25deae6b31ddf89cf67f7623e4a74793a4d6041832163",
                "sha256:4c4190604c5af3f65981c4d51aff2681baaa1c185d9d380daeb0ba391199ddcb",
                "sha256:5116c118f7f291ab6b19b7980f8c32be9fee9d88cf85ef1760651df3f14a2cb4",
                "sha256:567b1664942d12fb45bbd54fcd2ab128882905de859da8cd8a866f1489ae7d48",
                "sha256:583caf00a8afa07850ede7fc82547f72b532f6dfce9aed25648f655dae415f51",
                "sha256:5ae6a8dc299e77e96672c412715ceb7104d8cb162d9a6a0ae1e27699714b3202",
                "sha256:5c70210bdd103314cb635647343afc48db66e1207cbb4e389f0fe75e5ca4ae82",
                "sha256:5d7065d24c5ea85f9367d94c078399a656f643d056497f2866394077d345ec7e",
                "sha256:5f804e9394befc35f2a2a2b2d3372288206538b9c75325c128441acd0a487104",
                "sha256:60487a1b2db6307f92648e52cd5773fb3cf3d3f6112b56787e480e1109e18be9",
                "sha256:61f2eb79e17b2470e538070d3bdd81bac01399fb9065674e905636f7a0e3df57",
                "sha256:62a3615d97fc253785f246b84c23771fc1303a59a62e732bf70f144d189f63e5",
                "sha256:64b6ceca09f7881eaa9299121b343e6569d4ef300f483903801ce2f3407859c3",
                "sha256:6581986fa3908f3f7e8df8145f7e4dc52a285f0a589caf43cd40003304fe4048",
                "sha256:6833db36d6b2dc12e2a5a4dbc37f8e66c743235431af5b820f87ce35c7994052",
                "sha256:6b59d847790a7a6ade9af59d4a42c75b411fbfb1994a2c51a699f94a2b2b70ee",
                "sha256:6bf06d63629a2f0f2a85c1fac778b334ee6864d1768ac469b31a30cafa596c24",
                "sha256:750109e5a2d788395766ea6465b96762b42d779c9cb430dd75c02c447eb0379d",
                "sha256:7e448d37621641fa12469ad6c19d05d7d70bd258cea334a18e2123063f6fd1ed",
                "sha256:82f96329235da787f0c3b30239a3b6da6c7c140ac1488b3142b363d870171fd0",
                "sha256:85b713430b30a1eac179b90f59dbccb82dccba1659eab7ff5d6db6d5a07c8b7c",
                "sha256:87bf940e84d459d694ae23320a0362d2acadc317c032c54a69d761b0746a18dc",
                "sha256:890db36101cf945cc1470685ea8fed788291088cdfa425fcfdf701ee6adfd24f",
                "sha256:8dbe2abda1572796ce981eb468d91c9031813448c9e2e426e8567617ca77c3a6",
                "sha256:8ead25748e90f98f925e8c2ea5ebc52f2cea184cbb12fa95bfa35b699a4f6f75",
                "sha256:8fcc6ef1f3041618300313af8cd0ba4bb60758d083d7759b51ff6c709e935677",
                "sha256:9d9f45eb2f1e8be53a8f52317014ebd12f61a8feffbefb413ab828323f3c0bd6",
                "sha256:9e9adc73094c2607841209c08f1dc61808630f2113f7cd58003a4904fe241e56",
                "sha256:a2c36b9fffd80a25765e6917e3aecda7ab264bbfd5a8fad531c57d0c0403fda6",
                "sha256:a7253575ec5f269ee5f5e2960e5f0d5148e3e978a27ad7ecdb0b3fce22fb6f3a",
                "sha256:aa46162c9a427f7625880daf85d0bfc426792b3a5e465219967644391cfdbf82",
                "sha256:aee0a971df967677f6b761c1fd9515a2e35a4e85ba2ab147dd7bf887fb2ab026",
                "sha256:b10e46a573ce412f16fa14cca34dfca96c23e2ccf159e3202809d6e77f140758",
                "sha256:b34555f20024e5ab86ed8ec7236a8ffddd12521d3093d16fc5da1fc032bc7af7",
                "sha256:b6f75fe54190bba4d8b86a8fe0c1f4d71183c401fdc0c398129b25bc4c67a6d1",
                "sha256:bf3e062103a95a78930201df100156e6ac24eaa9bd50ed59442300ba8edf3173",
                "sha256:c5a8a9b74846118023f635f460a3d7498740996605eb25a875fe46c01e7ad23d",
                "sha256:cf719550ac93107a6c9f75bb08f9baa5d7e846fb88222985e18c4611365d48ba",
                "sha256:d3ba1bbce59dee76afceff1342bc29c0bfced2a55baf024505187d5d162a2253",
                "sha256:d5b0ba4cf238f916b24e0bb6411469d1348f66165d7121d34231799eb74820b9",
                "sha256:d87dbdc96a34e0a6f06dfccfdb012ab70249c049606cb01b1c51cd5262a0ff26",
                "sha256:dfd6a1a620eb6431034fee42ad9c6cb46633be47f271f993bd135b24953dbfd6",
                "sha256:e22b4a83e0fb36f68a1d84cfd2a95d66d053d0cc5a8aab08bcd63eb7cca11d25",
                "sha256:e391b2e7f5af43e5838bfbd1eb1d4ce13187248abc6fe462bef3f23044ef8845",
                "sha256:e6ef596e75df4dd233511a403725885443763d700a9b425408be62e1de980a75",
                "sha256:f4b34195081a6216aa6c85d56cbc6411e2d4cd6433664904bdb069b9bee18e1e",
                "sha256:f5488a46d1de944daaf043c209c149ddc59a4f1cced32ef5670062f1e0f3c813",
                "sha256:fc97b41cbb89e4135ec2abc2a1ed2fb6ee2c72eadd2e9f1dca2d9dcef90a47dc",
                "sha256:fd3e7c92ba74e76f992c6cfcbd662058c076329695713108ae54af233e6647d8",
                "sha256:ff79f9b92135e5a2c0f896ffe0878307ab8c05eb2ef90fc0b4d9a3b63bc03a6c",
                "sha256:ffd4c70ae50ec33592cc537aeb991230d5ff8dd00091dc880fb566be69776514"
            ],
            "index": "pip_conf_index_global",
            "version": "==2.7.1"
        },
        "pyopengl": {
            "hashes": [
                "sha256:a6ab19cf290df6101aaf7470843a9c46207789855746399d0af92521a0a92b7a",
                "sha256:eef31a3888e6984fd4d8e6c9961b184c9813ca82604d37fe3da80eb000a76c86"
            ],
            "index": "pip_conf_index_global",
            "version": "==3.1.7"
        },
        "python-dateutil": {
            "hashes": [
                "sha256:37dd54208da7e1cd875388217d5e00ebd4179249f90fb72437e91a35459a0ad3",
                "sha256:a8b2bc7bffae282281c8140a97d3aa9c14da0b136dfe83f850eea9a5f7470427"
            ],
            "markers": "python_version >= '2.7' and python_version not in '3.0, 3.1, 3.2'",
            "version": "==2.9.0.post0"
        },
        "pytz": {
            "hashes": [
                "sha256:2aa355083c50a0f93fa581709deac0c9ad65cca8a9e9beac660adcbd493c798a",
                "sha256:31c7c1817eb7fae7ca4b8c7ee50c72f93aa2dd863de768e1ef4245d426aa0725"
            ],
            "version": "==2024.2"
        },
        "scikit-learn": {
            "hashes": [
                "sha256:1c8fecb7c9984d9ec2ea48898229f98aad681a0873e0935f2b7f724fbce4a047",
                "sha256:2b8db962360c93554cab7bb3c096c4a24695da394dd4b3c3f13409f409b425bc",
                "sha256:2f46c6e3ff1054a5ec701646dcfd61d43b8ecac4d416014daed8843cf4c33d4d",
                "sha256:3e7d1fc817867a350133f937aaebcafbc06192517cbdf0cf7e5774ad4d1adb9f",
                "sha256:407e9a1cb9e6ba458a539986a9bd25546a757088095b3aab91d465b79a760d37",
                "sha256:567417dbbe6a6278399c3e6daf1654414a5a1a4d818d28f251fa7fc28730a1bf",
                "sha256:589d46f28460469f444b898223b13d99db9463e1038dc581ba698111f612264b",
                "sha256:5ec3ea40d467966821843210c02117d82b097b54276fdcfb50f4dfb5c60dbe39",
                "sha256:6c840f662b5d3377c4ccb8be1fc21bb52cb5d8b8790f8d6bf021739f84e543cf",
                "sha256:76800652fb6d6bf527bce36ecc2cc25738b28fe1a17bd294a218fff8e8bd6d50",
                "sha256:7c22d1305b16f08d57751a4ea36071e2215efb4c09cb79183faa4e8e82a3dbf8",
                "sha256:a682ec0f82b6f30fb07486daed1c8001b6683cc66b51877644dfc532bece6a18",
                "sha256:a90ca42fe8242fd6ff56cda2fecc5fca586a88a24ab602d275d2d0dcc0b928fb",
                "sha256:b1e706deca9b2ad87ae27dafd5ac4e8eff01b6db492ed5c12cef4735ec5f21ea",
                "sha256:bbef6ea1c012ff9f3e6f6e9ca006b8772d8383e177b898091e68fbd9b3f840f9",
                "sha256:c33e16e9a165af6012f5be530ccfbb672e2bc5f9b840238a05eb7f6694304e3f",
                "sha256:d6f232779023c3b060b80b5c82e5823723bc424dcac1d1a148aa2492c54d245d",
                "sha256:f94c0146bad51daef919c402a3da8c1c6162619653e1c00c92baa168fda292f2"
            ],
            "index": "pip_conf_index_global",
            "markers": "python_version >= '3.8'",
            "version": "==1.1.2"
        },
        "scipy": {
            "hashes": [
                "sha256:0419485dbcd0ed78c0d5bf234c5dd63e86065b39b4d669e45810d42199d49521",
                "sha256:09412eb7fb60b8f00b328037fd814d25d261066ebc43a1e339cdce4f7502877e",
                "sha256:26d28c468900e6d5fdb37d2812ab46db0ccd22c63baa095057871faa3a498bc9",
                "sha256:34441dfbee5b002f9e15285014fd56e5e3372493c3e64ae297bae2c4b9659f5a",
                "sha256:39ab9240cd215a9349c85ab908dda6d732f7d3b4b192fa05780812495536acc4",
                "sha256:3bc1ab68b9a096f368ba06c3a5e1d1d50957a86665fc929c4332d21355e7e8f4",
                "sha256:3c6f5d1d4b9a5e4fe5e14f26ffc9444fc59473bbf8d45dc4a9a15283b7063a72",
                "sha256:47d1a95bd9d37302afcfe1b84c8011377c4f81e33649c5a5785db9ab827a6ade",
                "sha256:71487c503e036740635f18324f62a11f283a632ace9d35933b2b0a04fd898c98",
                "sha256:7a412c476a91b080e456229e413792bbb5d6202865dae963d1e6e28c2bb58691",
                "sha256:825951b88f56765aeb6e5e38ac9d7d47407cfaaeb008d40aa1b45a2d7ea2731e",
                "sha256:8cc81ac25659fec73599ccc52c989670e5ccd8974cf34bacd7b54a8d809aff1a",
                "sha256:8d3faa40ac16c6357aaf7ea50394ea6f1e8e99d75e927a51102b1943b311b4d9",
                "sha256:90c805f30c46cf60f1e76e947574f02954d25e3bb1e97aa8a07bc53aa31cf7d1",
                "sha256:96d7cf7b25c9f23c59a766385f6370dab0659741699ecc7a451f9b94604938ce",
                "sha256:b97b479f39c7e4aaf807efd0424dec74bbb379108f7d22cf09323086afcd312c",
                "sha256:bc4e2c77d4cd015d739e75e74ebbafed59ba8497a7ed0fd400231ed7683497c4",
                "sha256:c61b4a91a702e8e04aeb0bfc40460e1f17a640977c04dda8757efb0199c75332",
                "sha256:d79da472015d0120ba9b357b28a99146cd6c17b9609403164b1a8ed149b4dfc8",
                "sha256:e8fe305d9d67a81255e06203454729405706907dccbdfcc330b7b3482a6c371d",
                "sha256:eb954f5aca4d26f468bbebcdc5448348eb287f7bea536c6306f62ea062f63d9a",
                "sha256:f7c39f7dbb57cce00c108d06d731f3b0e2a4d3a95c66d96bce697684876ce4d4",
                "sha256:f950a04b33e17b38ff561d5a0951caf3f5b47caa841edd772ffb7959f20a6af0"
            ],
            "index": "pip_conf_index_global",
            "markers": "python_version < '3.12' and python_version >= '3.8'",
            "version": "==1.9.1"
        },
        "six": {
            "hashes": [
                "sha256:1e61c37477a1626458e36f7b1d82aa5c9b094fa4802892072e49de9c60c4c926",
                "sha256:8abb2f1d86890a2dfb989f9a77cfcfd3e47c2a354b01111771326f8aa26e0254"
            ],
            "markers": "python_version >= '2.7' and python_version not in '3.0, 3.1, 3.2'",
            "version": "==1.16.0"
        },
        "threadpoolctl": {
            "hashes": [
                "sha256:082433502dd922bf738de0d8bcc4fdcbf0979ff44c42bd40f5af8a282f6fa107",
                "sha256:56c1e26c150397e58c4926da8eeee87533b1e32bef131bd4bf6a2f45f3185467"
            ],
            "markers": "python_version >= '3.8'",
            "version": "==3.5.0"
        },
        "tzdata": {
            "hashes": [
                "sha256:7d85cc416e9382e69095b7bdf4afd9e3880418a2413feec7069d533d6b4e31cc",
                "sha256:a48093786cdcde33cad18c2555e8532f34422074448fbc874186f0abd79565cd"
            ],
            "markers": "python_version >= '2'",
            "version": "==2024.2"
        }
    },
    "develop": {}
}
